
Microsoft Visual Studio Solution File, Format Version 12.00
# Visual Studio 15
VisualStudioVersion = 15.0.28307.489
MinimumVisualStudioVersion = 10.0.40219.1
Project("{8BC9CEB8-8B4A-11D0-8D11-00A0C91BC942}") = "Project1", "Project1\Project1.vcxproj", "{1BFBFF6F-F5EC-4A53-89A4-2C0D3FE12526}"
EndProject
Global
	GlobalSection(SolutionConfigurationPlatforms) = preSolution
		Debug|x64 = Debug|x64
		Debug|x86 = Debug|x86
		Release|x64 = Release|x64
		Release|x86 = Release|x86
	EndGlobalSection
	GlobalSection(ProjectConfigurationPlatforms) = postSolution
		{1BFBFF6F-F5EC-4A53-89A4-2C0D3FE12526}.Debug|x64.ActiveCfg = Debug|x64
		{1BFBFF6F-F5EC-4A53-89A4-2C0D3FE12526}.Debug|x64.Build.0 = Debug|x64
		{1BFBFF6F-F5EC-4A53-89A4-2C0D3FE12526}.Debug|x86.ActiveCfg = Debug|Win32
		{1BFBFF6F-F5EC-4A53-89A4-2C0D3FE12526}.Debug|x86.Build.0 = Debug|Win32
		{1BFBFF6F-F5EC-4A53-89A4-2C0D3FE12526}.Release|x64.ActiveCfg = Release|x64
		{1BFBFF6F-F5EC-4A53-89A4-2C0D3FE12526}.Release|x64.Build.0 = Release|x64
		{1BFBFF6F-F5EC-4A53-89A4-2C0D3FE12526}.Release|x86.ActiveCfg = Release|Win32
		{1BFBFF6F-F5EC-4A53-89A4-2C0D3FE12526}.Release|x86.Build.0 = Release|Win32
	EndGlobalSection
	GlobalSection(SolutionProperties) = preSolution
		HideSolutionNode = FALSE
	EndGlobalSection
	GlobalSection(ExtensibilityGlobals) = postSolution
		SolutionGuid = {31443201-7799-4AED-B2D5-4013FBD54347}
	EndGlobalSection
EndGlobal
