
Microsoft Visual Studio Solution File, Format Version 12.00
# Visual Studio 15
VisualStudioVersion = 15.0.28307.489
MinimumVisualStudioVersion = 10.0.40219.1
Project("{8BC9CEB8-8B4A-11D0-8D11-00A0C91BC942}") = "coord_system", "coord_system\coord_system.vcxproj", "{D2254055-51B4-4AD9-BA37-EF0C181DA796}"
EndProject
Global
	GlobalSection(SolutionConfigurationPlatforms) = preSolution
		Debug|x64 = Debug|x64
		Debug|x86 = Debug|x86
		Release|x64 = Release|x64
		Release|x86 = Release|x86
	EndGlobalSection
	GlobalSection(ProjectConfigurationPlatforms) = postSolution
		{D2254055-51B4-4AD9-BA37-EF0C181DA796}.Debug|x64.ActiveCfg = Debug|x64
		{D2254055-51B4-4AD9-BA37-EF0C181DA796}.Debug|x64.Build.0 = Debug|x64
		{D2254055-51B4-4AD9-BA37-EF0C181DA796}.Debug|x86.ActiveCfg = Debug|Win32
		{D2254055-51B4-4AD9-BA37-EF0C181DA796}.Debug|x86.Build.0 = Debug|Win32
		{D2254055-51B4-4AD9-BA37-EF0C181DA796}.Release|x64.ActiveCfg = Release|x64
		{D2254055-51B4-4AD9-BA37-EF0C181DA796}.Release|x64.Build.0 = Release|x64
		{D2254055-51B4-4AD9-BA37-EF0C181DA796}.Release|x86.ActiveCfg = Release|Win32
		{D2254055-51B4-4AD9-BA37-EF0C181DA796}.Release|x86.Build.0 = Release|Win32
	EndGlobalSection
	GlobalSection(SolutionProperties) = preSolution
		HideSolutionNode = FALSE
	EndGlobalSection
	GlobalSection(ExtensibilityGlobals) = postSolution
		SolutionGuid = {6CEC18B1-F45D-481C-BE33-7FFD71FA8D30}
	EndGlobalSection
EndGlobal
