
Microsoft Visual Studio Solution File, Format Version 12.00
# Visual Studio 15
VisualStudioVersion = 15.0.28307.489
MinimumVisualStudioVersion = 10.0.40219.1
Project("{8BC9CEB8-8B4A-11D0-8D11-00A0C91BC942}") = "camera", "camera\camera.vcxproj", "{CA095F4E-8F96-4757-A63F-5A585C088459}"
EndProject
Global
	GlobalSection(SolutionConfigurationPlatforms) = preSolution
		Debug|x64 = Debug|x64
		Debug|x86 = Debug|x86
		Release|x64 = Release|x64
		Release|x86 = Release|x86
	EndGlobalSection
	GlobalSection(ProjectConfigurationPlatforms) = postSolution
		{CA095F4E-8F96-4757-A63F-5A585C088459}.Debug|x64.ActiveCfg = Debug|x64
		{CA095F4E-8F96-4757-A63F-5A585C088459}.Debug|x64.Build.0 = Debug|x64
		{CA095F4E-8F96-4757-A63F-5A585C088459}.Debug|x86.ActiveCfg = Debug|Win32
		{CA095F4E-8F96-4757-A63F-5A585C088459}.Debug|x86.Build.0 = Debug|Win32
		{CA095F4E-8F96-4757-A63F-5A585C088459}.Release|x64.ActiveCfg = Release|x64
		{CA095F4E-8F96-4757-A63F-5A585C088459}.Release|x64.Build.0 = Release|x64
		{CA095F4E-8F96-4757-A63F-5A585C088459}.Release|x86.ActiveCfg = Release|Win32
		{CA095F4E-8F96-4757-A63F-5A585C088459}.Release|x86.Build.0 = Release|Win32
	EndGlobalSection
	GlobalSection(SolutionProperties) = preSolution
		HideSolutionNode = FALSE
	EndGlobalSection
	GlobalSection(ExtensibilityGlobals) = postSolution
		SolutionGuid = {FC49C230-53C4-4172-9BAB-67EFCF8F2221}
	EndGlobalSection
EndGlobal
